
Microsoft Visual Studio Solution File, Format Version 12.00
# Visual Studio Version 17
VisualStudioVersion = 17.9.34622.214
MinimumVisualStudioVersion = 10.0.40219.1
Project("{FAE04EC0-301F-11D3-BF4B-00C04F79EFBC}") = "EmpManagement", "EmpManagement\EmpManagement.csproj", "{22F6736F-F388-4DC7-93BC-16C470507221}"
EndProject
Global
	GlobalSection(SolutionConfigurationPlatforms) = preSolution
		Debug|Any CPU = Debug|Any CPU
		Release|Any CPU = Release|Any CPU
	EndGlobalSection
	GlobalSection(ProjectConfigurationPlatforms) = postSolution
		{22F6736F-F388-4DC7-93BC-16C470507221}.Debug|Any CPU.ActiveCfg = Debug|Any CPU
		{22F6736F-F388-4DC7-93BC-16C470507221}.Debug|Any CPU.Build.0 = Debug|Any CPU
		{22F6736F-F388-4DC7-93BC-16C470507221}.Release|Any CPU.ActiveCfg = Release|Any CPU
		{22F6736F-F388-4DC7-93BC-16C470507221}.Release|Any CPU.Build.0 = Release|Any CPU
	EndGlobalSection
	GlobalSection(SolutionProperties) = preSolution
		HideSolutionNode = FALSE
	EndGlobalSection
	GlobalSection(ExtensibilityGlobals) = postSolution
		SolutionGuid = {DA338D3F-6527-4306-BD57-FED2107D509F}
	EndGlobalSection
EndGlobal
